
Microsoft Visual Studio Solution File, Format Version 12.00
# Visual Studio Version 17
VisualStudioVersion = 17.0.31903.59
MinimumVisualStudioVersion = 10.0.40219.1
Project("{2150E333-8FDC-42A3-9474-1A3956D46DE8}") = "src", "src", "{827E0CD3-B72D-47B6-A68D-7590B98EB39B}"
EndProject
Project("{2150E333-8FDC-42A3-9474-1A3956D46DE8}") = "core", "core", "{8D626EA8-CB54-BC41-363A-217881BEBA6E}"
EndProject
Project("{FAE04EC0-301F-11D3-BF4B-00C04F79EFBC}") = "OpenAgent.Agent", "src\core\OpenAgent.Agent\OpenAgent.Agent.csproj", "{EFC2725E-5C20-4AB0-91D3-BDC40025D8F7}"
EndProject
Project("{FAE04EC0-301F-11D3-BF4B-00C04F79EFBC}") = "OpenAgent.Core", "src\core\OpenAgent.Core\OpenAgent.Core.csproj", "{24A979E9-DF53-431E-901F-51A53B9802F2}"
EndProject
Project("{FAE04EC0-301F-11D3-BF4B-00C04F79EFBC}") = "OpenAgent.Security", "src\core\OpenAgent.Security\OpenAgent.Security.csproj", "{BD9277A7-4987-46A4-8A6A-D98EC65680DB}"
EndProject
Project("{FAE04EC0-301F-11D3-BF4B-00C04F79EFBC}") = "OpenAgent.Storage", "src\core\OpenAgent.Storage\OpenAgent.Storage.csproj", "{E04FEB98-EF3F-4E32-873B-6D1A545C6521}"
EndProject
Project("{FAE04EC0-301F-11D3-BF4B-00C04F79EFBC}") = "OpenAgent.Transport", "src\core\OpenAgent.Transport\OpenAgent.Transport.csproj", "{7C315852-FB3E-4B48-87B6-3C72C518BB2A}"
EndProject
Project("{2150E333-8FDC-42A3-9474-1A3956D46DE8}") = "mcp", "mcp", "{F3846736-565B-9EA7-873C-5ACF842A7768}"
EndProject
Project("{FAE04EC0-301F-11D3-BF4B-00C04F79EFBC}") = "OpenAgent.Mcp", "src\mcp\OpenAgent.Mcp\OpenAgent.Mcp.csproj", "{9727DA1E-CBBE-4598-BEF2-62D5B9A8E5F3}"
EndProject
Project("{2150E333-8FDC-42A3-9474-1A3956D46DE8}") = "plugins", "plugins", "{58D3A2C3-F96F-5E57-2C6B-ECE59D6A18FC}"
EndProject
Project("{FAE04EC0-301F-11D3-BF4B-00C04F79EFBC}") = "OpenAgent.Plugins", "src\plugins\OpenAgent.Plugins\OpenAgent.Plugins.csproj", "{B67B5630-2204-4774-983B-3C78770F8C82}"
EndProject
Project("{2150E333-8FDC-42A3-9474-1A3956D46DE8}") = "providers", "providers", "{4158EF5F-2C93-D6F3-98CF-1EDBE6F18EA0}"
EndProject
Project("{FAE04EC0-301F-11D3-BF4B-00C04F79EFBC}") = "OpenAgent.Providers", "src\providers\OpenAgent.Providers\OpenAgent.Providers.csproj", "{C71687F6-7043-40C7-AE71-A3CDCD41785E}"
EndProject
Project("{2150E333-8FDC-42A3-9474-1A3956D46DE8}") = "shared", "shared", "{C8E42992-5E42-0C2B-DBFE-AA848D06431C}"
EndProject
Project("{FAE04EC0-301F-11D3-BF4B-00C04F79EFBC}") = "OpenAgent.Shared", "src\shared\OpenAgent.Shared\OpenAgent.Shared.csproj", "{85303184-3633-456B-BB89-CE68A6320103}"
EndProject
Project("{2150E333-8FDC-42A3-9474-1A3956D46DE8}") = "tools", "tools", "{DCB6FCB8-FF92-AC57-0842-1F72A354D6B1}"
EndProject
Project("{FAE04EC0-301F-11D3-BF4B-00C04F79EFBC}") = "OpenAgent.Tools", "src\tools\OpenAgent.Tools\OpenAgent.Tools.csproj", "{3DB51CE9-B219-45C4-95E6-61D437C36335}"
EndProject
Project("{2150E333-8FDC-42A3-9474-1A3956D46DE8}") = "tests", "tests", "{0AB3BF05-4346-4AA6-1389-037BE0695223}"
EndProject
Project("{FAE04EC0-301F-11D3-BF4B-00C04F79EFBC}") = "OpenAgent.Agent.Tests", "tests\OpenAgent.Agent.Tests\OpenAgent.Agent.Tests.csproj", "{8B502AC2-6C70-487E-9C1F-6441C99A7D83}"
EndProject
Project("{FAE04EC0-301F-11D3-BF4B-00C04F79EFBC}") = "OpenAgent.Core.Tests", "tests\OpenAgent.Core.Tests\OpenAgent.Core.Tests.csproj", "{620DA3B6-2554-4EDA-A806-3988A8E5741E}"
EndProject
Project("{FAE04EC0-301F-11D3-BF4B-00C04F79EFBC}") = "OpenAgent.Security.Tests", "tests\OpenAgent.Security.Tests\OpenAgent.Security.Tests.csproj", "{1128F06C-94D6-4289-B249-EE65F7E144DD}"
EndProject
Project("{FAE04EC0-301F-11D3-BF4B-00C04F79EFBC}") = "OpenAgent.Storage.Tests", "tests\OpenAgent.Storage.Tests\OpenAgent.Storage.Tests.csproj", "{E63A8B26-2922-4AFC-936A-7EE49E70F7FF}"
EndProject
Project("{FAE04EC0-301F-11D3-BF4B-00C04F79EFBC}") = "OpenAgent.Tools.Tests", "tests\OpenAgent.Tools.Tests\OpenAgent.Tools.Tests.csproj", "{DEA118D7-8416-4101-8708-DE5D9480D9B0}"
EndProject
Project("{2150E333-8FDC-42A3-9474-1A3956D46DE8}") = "apps", "apps", "{AD2A5A3B-A595-3E96-334A-002D08FE630C}"
EndProject
Project("{2150E333-8FDC-42A3-9474-1A3956D46DE8}") = "windows", "windows", "{A37A5F3F-0515-8F67-9A15-D38A666265B7}"
EndProject
Project("{FAE04EC0-301F-11D3-BF4B-00C04F79EFBC}") = "OpenAgent.Windows.UI", "src\apps\windows\OpenAgent.Windows.UI\OpenAgent.Windows.UI.csproj", "{545C72D6-9203-4767-A0CB-F9C2A1491D43}"
EndProject
Project("{FAE04EC0-301F-11D3-BF4B-00C04F79EFBC}") = "OpenAgent.Windows", "src\apps\windows\OpenAgent.Windows\OpenAgent.Windows.csproj", "{3CC0813B-882C-4100-A877-3257BD4D42C9}"
EndProject
Global
	GlobalSection(SolutionConfigurationPlatforms) = preSolution
		Debug|Any CPU = Debug|Any CPU
		Debug|x64 = Debug|x64
		Debug|x86 = Debug|x86
		Release|Any CPU = Release|Any CPU
		Release|x64 = Release|x64
		Release|x86 = Release|x86
	EndGlobalSection
	GlobalSection(ProjectConfigurationPlatforms) = postSolution
		{EFC2725E-5C20-4AB0-91D3-BDC40025D8F7}.Debug|Any CPU.ActiveCfg = Debug|Any CPU
		{EFC2725E-5C20-4AB0-91D3-BDC40025D8F7}.Debug|Any CPU.Build.0 = Debug|Any CPU
		{EFC2725E-5C20-4AB0-91D3-BDC40025D8F7}.Debug|x64.ActiveCfg = Debug|Any CPU
		{EFC2725E-5C20-4AB0-91D3-BDC40025D8F7}.Debug|x64.Build.0 = Debug|Any CPU
		{EFC2725E-5C20-4AB0-91D3-BDC40025D8F7}.Debug|x86.ActiveCfg = Debug|Any CPU
		{EFC2725E-5C20-4AB0-91D3-BDC40025D8F7}.Debug|x86.Build.0 = Debug|Any CPU
		{EFC2725E-5C20-4AB0-91D3-BDC40025D8F7}.Release|Any CPU.ActiveCfg = Release|Any CPU
		{EFC2725E-5C20-4AB0-91D3-BDC40025D8F7}.Release|Any CPU.Build.0 = Release|Any CPU
		{EFC2725E-5C20-4AB0-91D3-BDC40025D8F7}.Release|x64.ActiveCfg = Release|Any CPU
		{EFC2725E-5C20-4AB0-91D3-BDC40025D8F7}.Release|x64.Build.0 = Release|Any CPU
		{EFC2725E-5C20-4AB0-91D3-BDC40025D8F7}.Release|x86.ActiveCfg = Release|Any CPU
		{EFC2725E-5C20-4AB0-91D3-BDC40025D8F7}.Release|x86.Build.0 = Release|Any CPU
		{24A979E9-DF53-431E-901F-51A53B9802F2}.Debug|Any CPU.ActiveCfg = Debug|Any CPU
		{24A979E9-DF53-431E-901F-51A53B9802F2}.Debug|Any CPU.Build.0 = Debug|Any CPU
		{24A979E9-DF53-431E-901F-51A53B9802F2}.Debug|x64.ActiveCfg = Debug|Any CPU
		{24A979E9-DF53-431E-901F-51A53B9802F2}.Debug|x64.Build.0 = Debug|Any CPU
		{24A979E9-DF53-431E-901F-51A53B9802F2}.Debug|x86.ActiveCfg = Debug|Any CPU
		{24A979E9-DF53-431E-901F-51A53B9802F2}.Debug|x86.Build.0 = Debug|Any CPU
		{24A979E9-DF53-431E-901F-51A53B9802F2}.Release|Any CPU.ActiveCfg = Release|Any CPU
		{24A979E9-DF53-431E-901F-51A53B9802F2}.Release|Any CPU.Build.0 = Release|Any CPU
		{24A979E9-DF53-431E-901F-51A53B9802F2}.Release|x64.ActiveCfg = Release|Any CPU
		{24A979E9-DF53-431E-901F-51A53B9802F2}.Release|x64.Build.0 = Release|Any CPU
		{24A979E9-DF53-431E-901F-51A53B9802F2}.Release|x86.ActiveCfg = Release|Any CPU
		{24A979E9-DF53-431E-901F-51A53B9802F2}.Release|x86.Build.0 = Release|Any CPU
		{BD9277A7-4987-46A4-8A6A-D98EC65680DB}.Debug|Any CPU.ActiveCfg = Debug|Any CPU
		{BD9277A7-4987-46A4-8A6A-D98EC65680DB}.Debug|Any CPU.Build.0 = Debug|Any CPU
		{BD9277A7-4987-46A4-8A6A-D98EC65680DB}.Debug|x64.ActiveCfg = Debug|Any CPU
		{BD9277A7-4987-46A4-8A6A-D98EC65680DB}.Debug|x64.Build.0 = Debug|Any CPU
		{BD9277A7-4987-46A4-8A6A-D98EC65680DB}.Debug|x86.ActiveCfg = Debug|Any CPU
		{BD9277A7-4987-46A4-8A6A-D98EC65680DB}.Debug|x86.Build.0 = Debug|Any CPU
		{BD9277A7-4987-46A4-8A6A-D98EC65680DB}.Release|Any CPU.ActiveCfg = Release|Any CPU
		{BD9277A7-4987-46A4-8A6A-D98EC65680DB}.Release|Any CPU.Build.0 = Release|Any CPU
		{BD9277A7-4987-46A4-8A6A-D98EC65680DB}.Release|x64.ActiveCfg = Release|Any CPU
		{BD9277A7-4987-46A4-8A6A-D98EC65680DB}.Release|x64.Build.0 = Release|Any CPU
		{BD9277A7-4987-46A4-8A6A-D98EC65680DB}.Release|x86.ActiveCfg = Release|Any CPU
		{BD9277A7-4987-46A4-8A6A-D98EC65680DB}.Release|x86.Build.0 = Release|Any CPU
		{E04FEB98-EF3F-4E32-873B-6D1A545C6521}.Debug|Any CPU.ActiveCfg = Debug|Any CPU
		{E04FEB98-EF3F-4E32-873B-6D1A545C6521}.Debug|Any CPU.Build.0 = Debug|Any CPU
		{E04FEB98-EF3F-4E32-873B-6D1A545C6521}.Debug|x64.ActiveCfg = Debug|Any CPU
		{E04FEB98-EF3F-4E32-873B-6D1A545C6521}.Debug|x64.Build.0 = Debug|Any CPU
		{E04FEB98-EF3F-4E32-873B-6D1A545C6521}.Debug|x86.ActiveCfg = Debug|Any CPU
		{E04FEB98-EF3F-4E32-873B-6D1A545C6521}.Debug|x86.Build.0 = Debug|Any CPU
		{E04FEB98-EF3F-4E32-873B-6D1A545C6521}.Release|Any CPU.ActiveCfg = Release|Any CPU
		{E04FEB98-EF3F-4E32-873B-6D1A545C6521}.Release|Any CPU.Build.0 = Release|Any CPU
		{E04FEB98-EF3F-4E32-873B-6D1A545C6521}.Release|x64.ActiveCfg = Release|Any CPU
		{E04FEB98-EF3F-4E32-873B-6D1A545C6521}.Release|x64.Build.0 = Release|Any CPU
		{E04FEB98-EF3F-4E32-873B-6D1A545C6521}.Release|x86.ActiveCfg = Release|Any CPU
		{E04FEB98-EF3F-4E32-873B-6D1A545C6521}.Release|x86.Build.0 = Release|Any CPU
		{7C315852-FB3E-4B48-87B6-3C72C518BB2A}.Debug|Any CPU.ActiveCfg = Debug|Any CPU
		{7C315852-FB3E-4B48-87B6-3C72C518BB2A}.Debug|Any CPU.Build.0 = Debug|Any CPU
		{7C315852-FB3E-4B48-87B6-3C72C518BB2A}.Debug|x64.ActiveCfg = Debug|Any CPU
		{7C315852-FB3E-4B48-87B6-3C72C518BB2A}.Debug|x64.Build.0 = Debug|Any CPU
		{7C315852-FB3E-4B48-87B6-3C72C518BB2A}.Debug|x86.ActiveCfg = Debug|Any CPU
		{7C315852-FB3E-4B48-87B6-3C72C518BB2A}.Debug|x86.Build.0 = Debug|Any CPU
		{7C315852-FB3E-4B48-87B6-3C72C518BB2A}.Release|Any CPU.ActiveCfg = Release|Any CPU
		{7C315852-FB3E-4B48-87B6-3C72C518BB2A}.Release|Any CPU.Build.0 = Release|Any CPU
		{7C315852-FB3E-4B48-87B6-3C72C518BB2A}.Release|x64.ActiveCfg = Release|Any CPU
		{7C315852-FB3E-4B48-87B6-3C72C518BB2A}.Release|x64.Build.0 = Release|Any CPU
		{7C315852-FB3E-4B48-87B6-3C72C518BB2A}.Release|x86.ActiveCfg = Release|Any CPU
		{7C315852-FB3E-4B48-87B6-3C72C518BB2A}.Release|x86.Build.0 = Release|Any CPU
		{9727DA1E-CBBE-4598-BEF2-62D5B9A8E5F3}.Debug|Any CPU.ActiveCfg = Debug|Any CPU
		{9727DA1E-CBBE-4598-BEF2-62D5B9A8E5F3}.Debug|Any CPU.Build.0 = Debug|Any CPU
		{9727DA1E-CBBE-4598-BEF2-62D5B9A8E5F3}.Debug|x64.ActiveCfg = Debug|Any CPU
		{9727DA1E-CBBE-4598-BEF2-62D5B9A8E5F3}.Debug|x64.Build.0 = Debug|Any CPU
		{9727DA1E-CBBE-4598-BEF2-62D5B9A8E5F3}.Debug|x86.ActiveCfg = Debug|Any CPU
		{9727DA1E-CBBE-4598-BEF2-62D5B9A8E5F3}.Debug|x86.Build.0 = Debug|Any CPU
		{9727DA1E-CBBE-4598-BEF2-62D5B9A8E5F3}.Release|Any CPU.ActiveCfg = Release|Any CPU
		{9727DA1E-CBBE-4598-BEF2-62D5B9A8E5F3}.Release|Any CPU.Build.0 = Release|Any CPU
		{9727DA1E-CBBE-4598-BEF2-62D5B9A8E5F3}.Release|x64.ActiveCfg = Release|Any CPU
		{9727DA1E-CBBE-4598-BEF2-62D5B9A8E5F3}.Release|x64.Build.0 = Release|Any CPU
		{9727DA1E-CBBE-4598-BEF2-62D5B9A8E5F3}.Release|x86.ActiveCfg = Release|Any CPU
		{9727DA1E-CBBE-4598-BEF2-62D5B9A8E5F3}.Release|x86.Build.0 = Release|Any CPU
		{B67B5630-2204-4774-983B-3C78770F8C82}.Debug|Any CPU.ActiveCfg = Debug|Any CPU
		{B67B5630-2204-4774-983B-3C78770F8C82}.Debug|Any CPU.Build.0 = Debug|Any CPU
		{B67B5630-2204-4774-983B-3C78770F8C82}.Debug|x64.ActiveCfg = Debug|Any CPU
		{B67B5630-2204-4774-983B-3C78770F8C82}.Debug|x64.Build.0 = Debug|Any CPU
		{B67B5630-2204-4774-983B-3C78770F8C82}.Debug|x86.ActiveCfg = Debug|Any CPU
		{B67B5630-2204-4774-983B-3C78770F8C82}.Debug|x86.Build.0 = Debug|Any CPU
		{B67B5630-2204-4774-983B-3C78770F8C82}.Release|Any CPU.ActiveCfg = Release|Any CPU
		{B67B5630-2204-4774-983B-3C78770F8C82}.Release|Any CPU.Build.0 = Release|Any CPU
		{B67B5630-2204-4774-983B-3C78770F8C82}.Release|x64.ActiveCfg = Release|Any CPU
		{B67B5630-2204-4774-983B-3C78770F8C82}.Release|x64.Build.0 = Release|Any CPU
		{B67B5630-2204-4774-983B-3C78770F8C82}.Release|x86.ActiveCfg = Release|Any CPU
		{B67B5630-2204-4774-983B-3C78770F8C82}.Release|x86.Build.0 = Release|Any CPU
		{C71687F6-7043-40C7-AE71-A3CDCD41785E}.Debug|Any CPU.ActiveCfg = Debug|Any CPU
		{C71687F6-7043-40C7-AE71-A3CDCD41785E}.Debug|Any CPU.Build.0 = Debug|Any CPU
		{C71687F6-7043-40C7-AE71-A3CDCD41785E}.Debug|x64.ActiveCfg = Debug|Any CPU
		{C71687F6-7043-40C7-AE71-A3CDCD41785E}.Debug|x64.Build.0 = Debug|Any CPU
		{C71687F6-7043-40C7-AE71-A3CDCD41785E}.Debug|x86.ActiveCfg = Debug|Any CPU
		{C71687F6-7043-40C7-AE71-A3CDCD41785E}.Debug|x86.Build.0 = Debug|Any CPU
		{C71687F6-7043-40C7-AE71-A3CDCD41785E}.Release|Any CPU.ActiveCfg = Release|Any CPU
		{C71687F6-7043-40C7-AE71-A3CDCD41785E}.Release|Any CPU.Build.0 = Release|Any CPU
		{C71687F6-7043-40C7-AE71-A3CDCD41785E}.Release|x64.ActiveCfg = Release|Any CPU
		{C71687F6-7043-40C7-AE71-A3CDCD41785E}.Release|x64.Build.0 = Release|Any CPU
		{C71687F6-7043-40C7-AE71-A3CDCD41785E}.Release|x86.ActiveCfg = Release|Any CPU
		{C71687F6-7043-40C7-AE71-A3CDCD41785E}.Release|x86.Build.0 = Release|Any CPU
		{85303184-3633-456B-BB89-CE68A6320103}.Debug|Any CPU.ActiveCfg = Debug|Any CPU
		{85303184-3633-456B-BB89-CE68A6320103}.Debug|Any CPU.Build.0 = Debug|Any CPU
		{85303184-3633-456B-BB89-CE68A6320103}.Debug|x64.ActiveCfg = Debug|Any CPU
		{85303184-3633-456B-BB89-CE68A6320103}.Debug|x64.Build.0 = Debug|Any CPU
		{85303184-3633-456B-BB89-CE68A6320103}.Debug|x86.ActiveCfg = Debug|Any CPU
		{85303184-3633-456B-BB89-CE68A6320103}.Debug|x86.Build.0 = Debug|Any CPU
		{85303184-3633-456B-BB89-CE68A6320103}.Release|Any CPU.ActiveCfg = Release|Any CPU
		{85303184-3633-456B-BB89-CE68A6320103}.Release|Any CPU.Build.0 = Release|Any CPU
		{85303184-3633-456B-BB89-CE68A6320103}.Release|x64.ActiveCfg = Release|Any CPU
		{85303184-3633-456B-BB89-CE68A6320103}.Release|x64.Build.0 = Release|Any CPU
		{85303184-3633-456B-BB89-CE68A6320103}.Release|x86.ActiveCfg = Release|Any CPU
		{85303184-3633-456B-BB89-CE68A6320103}.Release|x86.Build.0 = Release|Any CPU
		{3DB51CE9-B219-45C4-95E6-61D437C36335}.Debug|Any CPU.ActiveCfg = Debug|Any CPU
		{3DB51CE9-B219-45C4-95E6-61D437C36335}.Debug|Any CPU.Build.0 = Debug|Any CPU
		{3DB51CE9-B219-45C4-95E6-61D437C36335}.Debug|x64.ActiveCfg = Debug|Any CPU
		{3DB51CE9-B219-45C4-95E6-61D437C36335}.Debug|x64.Build.0 = Debug|Any CPU
		{3DB51CE9-B219-45C4-95E6-61D437C36335}.Debug|x86.ActiveCfg = Debug|Any CPU
		{3DB51CE9-B219-45C4-95E6-61D437C36335}.Debug|x86.Build.0 = Debug|Any CPU
		{3DB51CE9-B219-45C4-95E6-61D437C36335}.Release|Any CPU.ActiveCfg = Release|Any CPU
		{3DB51CE9-B219-45C4-95E6-61D437C36335}.Release|Any CPU.Build.0 = Release|Any CPU
		{3DB51CE9-B219-45C4-95E6-61D437C36335}.Release|x64.ActiveCfg = Release|Any CPU
		{3DB51CE9-B219-45C4-95E6-61D437C36335}.Release|x64.Build.0 = Release|Any CPU
		{3DB51CE9-B219-45C4-95E6-61D437C36335}.Release|x86.ActiveCfg = Release|Any CPU
		{3DB51CE9-B219-45C4-95E6-61D437C36335}.Release|x86.Build.0 = Release|Any CPU
		{8B502AC2-6C70-487E-9C1F-6441C99A7D83}.Debug|Any CPU.ActiveCfg = Debug|Any CPU
		{8B502AC2-6C70-487E-9C1F-6441C99A7D83}.Debug|Any CPU.Build.0 = Debug|Any CPU
		{8B502AC2-6C70-487E-9C1F-6441C99A7D83}.Debug|x64.ActiveCfg = Debug|Any CPU
		{8B502AC2-6C70-487E-9C1F-6441C99A7D83}.Debug|x64.Build.0 = Debug|Any CPU
		{8B502AC2-6C70-487E-9C1F-6441C99A7D83}.Debug|x86.ActiveCfg = Debug|Any CPU
		{8B502AC2-6C70-487E-9C1F-6441C99A7D83}.Debug|x86.Build.0 = Debug|Any CPU
		{8B502AC2-6C70-487E-9C1F-6441C99A7D83}.Release|Any CPU.ActiveCfg = Release|Any CPU
		{8B502AC2-6C70-487E-9C1F-6441C99A7D83}.Release|Any CPU.Build.0 = Release|Any CPU
		{8B502AC2-6C70-487E-9C1F-6441C99A7D83}.Release|x64.ActiveCfg = Release|Any CPU
		{8B502AC2-6C70-487E-9C1F-6441C99A7D83}.Release|x64.Build.0 = Release|Any CPU
		{8B502AC2-6C70-487E-9C1F-6441C99A7D83}.Release|x86.ActiveCfg = Release|Any CPU
		{8B502AC2-6C70-487E-9C1F-6441C99A7D83}.Release|x86.Build.0 = Release|Any CPU
		{620DA3B6-2554-4EDA-A806-3988A8E5741E}.Debug|Any CPU.ActiveCfg = Debug|Any CPU
		{620DA3B6-2554-4EDA-A806-3988A8E5741E}.Debug|Any CPU.Build.0 = Debug|Any CPU
		{620DA3B6-2554-4EDA-A806-3988A8E5741E}.Debug|x64.ActiveCfg = Debug|Any CPU
		{620DA3B6-2554-4EDA-A806-3988A8E5741E}.Debug|x64.Build.0 = Debug|Any CPU
		{620DA3B6-2554-4EDA-A806-3988A8E5741E}.Debug|x86.ActiveCfg = Debug|Any CPU
		{620DA3B6-2554-4EDA-A806-3988A8E5741E}.Debug|x86.Build.0 = Debug|Any CPU
		{620DA3B6-2554-4EDA-A806-3988A8E5741E}.Release|Any CPU.ActiveCfg = Release|Any CPU
		{620DA3B6-2554-4EDA-A806-3988A8E5741E}.Release|Any CPU.Build.0 = Release|Any CPU
		{620DA3B6-2554-4EDA-A806-3988A8E5741E}.Release|x64.ActiveCfg = Release|Any CPU
		{620DA3B6-2554-4EDA-A806-3988A8E5741E}.Release|x64.Build.0 = Release|Any CPU
		{620DA3B6-2554-4EDA-A806-3988A8E5741E}.Release|x86.ActiveCfg = Release|Any CPU
		{620DA3B6-2554-4EDA-A806-3988A8E5741E}.Release|x86.Build.0 = Release|Any CPU
		{1128F06C-94D6-4289-B249-EE65F7E144DD}.Debug|Any CPU.ActiveCfg = Debug|Any CPU
		{1128F06C-94D6-4289-B249-EE65F7E144DD}.Debug|Any CPU.Build.0 = Debug|Any CPU
		{1128F06C-94D6-4289-B249-EE65F7E144DD}.Debug|x64.ActiveCfg = Debug|Any CPU
		{1128F06C-94D6-4289-B249-EE65F7E144DD}.Debug|x64.Build.0 = Debug|Any CPU
		{1128F06C-94D6-4289-B249-EE65F7E144DD}.Debug|x86.ActiveCfg = Debug|Any CPU
		{1128F06C-94D6-4289-B249-EE65F7E144DD}.Debug|x86.Build.0 = Debug|Any CPU
		{1128F06C-94D6-4289-B249-EE65F7E144DD}.Release|Any CPU.ActiveCfg = Release|Any CPU
		{1128F06C-94D6-4289-B249-EE65F7E144DD}.Release|Any CPU.Build.0 = Release|Any CPU
		{1128F06C-94D6-4289-B249-EE65F7E144DD}.Release|x64.ActiveCfg = Release|Any CPU
		{1128F06C-94D6-4289-B249-EE65F7E144DD}.Release|x64.Build.0 = Release|Any CPU
		{1128F06C-94D6-4289-B249-EE65F7E144DD}.Release|x86.ActiveCfg = Release|Any CPU
		{1128F06C-94D6-4289-B249-EE65F7E144DD}.Release|x86.Build.0 = Release|Any CPU
		{E63A8B26-2922-4AFC-936A-7EE49E70F7FF}.Debug|Any CPU.ActiveCfg = Debug|Any CPU
		{E63A8B26-2922-4AFC-936A-7EE49E70F7FF}.Debug|Any CPU.Build.0 = Debug|Any CPU
		{E63A8B26-2922-4AFC-936A-7EE49E70F7FF}.Debug|x64.ActiveCfg = Debug|Any CPU
		{E63A8B26-2922-4AFC-936A-7EE49E70F7FF}.Debug|x64.Build.0 = Debug|Any CPU
		{E63A8B26-2922-4AFC-936A-7EE49E70F7FF}.Debug|x86.ActiveCfg = Debug|Any CPU
		{E63A8B26-2922-4AFC-936A-7EE49E70F7FF}.Debug|x86.Build.0 = Debug|Any CPU
		{E63A8B26-2922-4AFC-936A-7EE49E70F7FF}.Release|Any CPU.ActiveCfg = Release|Any CPU
		{E63A8B26-2922-4AFC-936A-7EE49E70F7FF}.Release|Any CPU.Build.0 = Release|Any CPU
		{E63A8B26-2922-4AFC-936A-7EE49E70F7FF}.Release|x64.ActiveCfg = Release|Any CPU
		{E63A8B26-2922-4AFC-936A-7EE49E70F7FF}.Release|x64.Build.0 = Release|Any CPU
		{E63A8B26-2922-4AFC-936A-7EE49E70F7FF}.Release|x86.ActiveCfg = Release|Any CPU
		{E63A8B26-2922-4AFC-936A-7EE49E70F7FF}.Release|x86.Build.0 = Release|Any CPU
		{DEA118D7-8416-4101-8708-DE5D9480D9B0}.Debug|Any CPU.ActiveCfg = Debug|Any CPU
		{DEA118D7-8416-4101-8708-DE5D9480D9B0}.Debug|Any CPU.Build.0 = Debug|Any CPU
		{DEA118D7-8416-4101-8708-DE5D9480D9B0}.Debug|x64.ActiveCfg = Debug|Any CPU
		{DEA118D7-8416-4101-8708-DE5D9480D9B0}.Debug|x64.Build.0 = Debug|Any CPU
		{DEA118D7-8416-4101-8708-DE5D9480D9B0}.Debug|x86.ActiveCfg = Debug|Any CPU
		{DEA118D7-8416-4101-8708-DE5D9480D9B0}.Debug|x86.Build.0 = Debug|Any CPU
		{DEA118D7-8416-4101-8708-DE5D9480D9B0}.Release|Any CPU.ActiveCfg = Release|Any CPU
		{DEA118D7-8416-4101-8708-DE5D9480D9B0}.Release|Any CPU.Build.0 = Release|Any CPU
		{DEA118D7-8416-4101-8708-DE5D9480D9B0}.Release|x64.ActiveCfg = Release|Any CPU
		{DEA118D7-8416-4101-8708-DE5D9480D9B0}.Release|x64.Build.0 = Release|Any CPU
		{DEA118D7-8416-4101-8708-DE5D9480D9B0}.Release|x86.ActiveCfg = Release|Any CPU
		{DEA118D7-8416-4101-8708-DE5D9480D9B0}.Release|x86.Build.0 = Release|Any CPU
		{545C72D6-9203-4767-A0CB-F9C2A1491D43}.Debug|Any CPU.ActiveCfg = Debug|x64
		{545C72D6-9203-4767-A0CB-F9C2A1491D43}.Debug|Any CPU.Build.0 = Debug|x64
		{545C72D6-9203-4767-A0CB-F9C2A1491D43}.Debug|x64.ActiveCfg = Debug|x64
		{545C72D6-9203-4767-A0CB-F9C2A1491D43}.Debug|x64.Build.0 = Debug|x64
		{545C72D6-9203-4767-A0CB-F9C2A1491D43}.Debug|x86.ActiveCfg = Debug|x64
		{545C72D6-9203-4767-A0CB-F9C2A1491D43}.Debug|x86.Build.0 = Debug|x64
		{545C72D6-9203-4767-A0CB-F9C2A1491D43}.Release|Any CPU.ActiveCfg = Release|x64
		{545C72D6-9203-4767-A0CB-F9C2A1491D43}.Release|Any CPU.Build.0 = Release|x64
		{545C72D6-9203-4767-A0CB-F9C2A1491D43}.Release|x64.ActiveCfg = Release|x64
		{545C72D6-9203-4767-A0CB-F9C2A1491D43}.Release|x64.Build.0 = Release|x64
		{545C72D6-9203-4767-A0CB-F9C2A1491D43}.Release|x86.ActiveCfg = Release|x64
		{545C72D6-9203-4767-A0CB-F9C2A1491D43}.Release|x86.Build.0 = Release|x64
		{3CC0813B-882C-4100-A877-3257BD4D42C9}.Debug|Any CPU.ActiveCfg = Debug|x64
		{3CC0813B-882C-4100-A877-3257BD4D42C9}.Debug|Any CPU.Build.0 = Debug|x64
		{3CC0813B-882C-4100-A877-3257BD4D42C9}.Debug|x64.ActiveCfg = Debug|x64
		{3CC0813B-882C-4100-A877-3257BD4D42C9}.Debug|x64.Build.0 = Debug|x64
		{3CC0813B-882C-4100-A877-3257BD4D42C9}.Debug|x86.ActiveCfg = Debug|x64
		{3CC0813B-882C-4100-A877-3257BD4D42C9}.Debug|x86.Build.0 = Debug|x64
		{3CC0813B-882C-4100-A877-3257BD4D42C9}.Release|Any CPU.ActiveCfg = Release|x64
		{3CC0813B-882C-4100-A877-3257BD4D42C9}.Release|Any CPU.Build.0 = Release|x64
		{3CC0813B-882C-4100-A877-3257BD4D42C9}.Release|x64.ActiveCfg = Release|x64
		{3CC0813B-882C-4100-A877-3257BD4D42C9}.Release|x64.Build.0 = Release|x64
		{3CC0813B-882C-4100-A877-3257BD4D42C9}.Release|x86.ActiveCfg = Release|x64
		{3CC0813B-882C-4100-A877-3257BD4D42C9}.Release|x86.Build.0 = Release|x64
	EndGlobalSection
	GlobalSection(SolutionProperties) = preSolution
		HideSolutionNode = FALSE
	EndGlobalSection
	GlobalSection(NestedProjects) = preSolution
		{8D626EA8-CB54-BC41-363A-217881BEBA6E} = {827E0CD3-B72D-47B6-A68D-7590B98EB39B}
		{EFC2725E-5C20-4AB0-91D3-BDC40025D8F7} = {8D626EA8-CB54-BC41-363A-217881BEBA6E}
		{24A979E9-DF53-431E-901F-51A53B9802F2} = {8D626EA8-CB54-BC41-363A-217881BEBA6E}
		{BD9277A7-4987-46A4-8A6A-D98EC65680DB} = {8D626EA8-CB54-BC41-363A-217881BEBA6E}
		{E04FEB98-EF3F-4E32-873B-6D1A545C6521} = {8D626EA8-CB54-BC41-363A-217881BEBA6E}
		{7C315852-FB3E-4B48-87B6-3C72C518BB2A} = {8D626EA8-CB54-BC41-363A-217881BEBA6E}
		{F3846736-565B-9EA7-873C-5ACF842A7768} = {827E0CD3-B72D-47B6-A68D-7590B98EB39B}
		{9727DA1E-CBBE-4598-BEF2-62D5B9A8E5F3} = {F3846736-565B-9EA7-873C-5ACF842A7768}
		{58D3A2C3-F96F-5E57-2C6B-ECE59D6A18FC} = {827E0CD3-B72D-47B6-A68D-7590B98EB39B}
		{B67B5630-2204-4774-983B-3C78770F8C82} = {58D3A2C3-F96F-5E57-2C6B-ECE59D6A18FC}
		{4158EF5F-2C93-D6F3-98CF-1EDBE6F18EA0} = {827E0CD3-B72D-47B6-A68D-7590B98EB39B}
		{C71687F6-7043-40C7-AE71-A3CDCD41785E} = {4158EF5F-2C93-D6F3-98CF-1EDBE6F18EA0}
		{C8E42992-5E42-0C2B-DBFE-AA848D06431C} = {827E0CD3-B72D-47B6-A68D-7590B98EB39B}
		{85303184-3633-456B-BB89-CE68A6320103} = {C8E42992-5E42-0C2B-DBFE-AA848D06431C}
		{DCB6FCB8-FF92-AC57-0842-1F72A354D6B1} = {827E0CD3-B72D-47B6-A68D-7590B98EB39B}
		{3DB51CE9-B219-45C4-95E6-61D437C36335} = {DCB6FCB8-FF92-AC57-0842-1F72A354D6B1}
		{8B502AC2-6C70-487E-9C1F-6441C99A7D83} = {0AB3BF05-4346-4AA6-1389-037BE0695223}
		{620DA3B6-2554-4EDA-A806-3988A8E5741E} = {0AB3BF05-4346-4AA6-1389-037BE0695223}
		{1128F06C-94D6-4289-B249-EE65F7E144DD} = {0AB3BF05-4346-4AA6-1389-037BE0695223}
		{E63A8B26-2922-4AFC-936A-7EE49E70F7FF} = {0AB3BF05-4346-4AA6-1389-037BE0695223}
		{DEA118D7-8416-4101-8708-DE5D9480D9B0} = {0AB3BF05-4346-4AA6-1389-037BE0695223}
		{AD2A5A3B-A595-3E96-334A-002D08FE630C} = {827E0CD3-B72D-47B6-A68D-7590B98EB39B}
		{A37A5F3F-0515-8F67-9A15-D38A666265B7} = {AD2A5A3B-A595-3E96-334A-002D08FE630C}
		{545C72D6-9203-4767-A0CB-F9C2A1491D43} = {A37A5F3F-0515-8F67-9A15-D38A666265B7}
		{3CC0813B-882C-4100-A877-3257BD4D42C9} = {A37A5F3F-0515-8F67-9A15-D38A666265B7}
	EndGlobalSection
EndGlobal
